// !$*UTF8*$!
{
	archiveVersion = 1;
	classes = {
	};
	objectVersion = 50;
	objects = {

/* Begin PBXBuildFile section */
		B91D7564270DFF0900027664 /* MyMapApp.swift in Sources */ = {isa = PBXBuildFile; fileRef = B91D7551270DFF0700027664 /* MyMapApp.swift */; };
		B91D7565270DFF0900027664 /* MyMapApp.swift in Sources */ = {isa = PBXBuildFile; fileRef = B91D7551270DFF0700027664 /* MyMapApp.swift */; };
		B91D7566270DFF0900027664 /* ContentView.swift in Sources */ = {isa = PBXBuildFile; fileRef = B91D7552270DFF0700027664 /* ContentView.swift */; };
		B91D7567270DFF0900027664 /* ContentView.swift in Sources */ = {isa = PBXBuildFile; fileRef = B91D7552270DFF0700027664 /* ContentView.swift */; };
		B91D7568270DFF0900027664 /* Assets.xcassets in Resources */ = {isa = PBXBuildFile; fileRef = B91D7553270DFF0900027664 /* Assets.xcassets */; };
		B91D7569270DFF0900027664 /* Assets.xcassets in Resources */ = {isa = PBXBuildFile; fileRef = B91D7553270DFF0900027664 /* Assets.xcassets */; };
		B91D7573270E01BE00027664 /* MapView.swift in Sources */ = {isa = PBXBuildFile; fileRef = B91D7572270E01BE00027664 /* MapView.swift */; };
		B91D7574270E01BE00027664 /* MapView.swift in Sources */ = {isa = PBXBuildFile; fileRef = B91D7572270E01BE00027664 /* MapView.swift */; };
/* End PBXBuildFile section */

/* Begin PBXFileReference section */
		B91D7551270DFF0700027664 /* MyMapApp.swift */ = {isa = PBXFileReference; lastKnownFileType = sourcecode.swift; path = MyMapApp.swift; sourceTree = "<group>"; };
		B91D7552270DFF0700027664 /* ContentView.swift */ = {isa = PBXFileReference; lastKnownFileType = sourcecode.swift; path = ContentView.swift; sourceTree = "<group>"; };
		B91D7553270DFF0900027664 /* Assets.xcassets */ = {isa = PBXFileReference; lastKnownFileType = folder.assetcatalog; path = Assets.xcassets; sourceTree = "<group>"; };
		B91D7558270DFF0900027664 /* MyMap.app */ = {isa = PBXFileReference; explicitFileType = wrapper.application; includeInIndex = 0; path = MyMap.app; sourceTree = BUILT_PRODUCTS_DIR; };
		B91D755B270DFF0900027664 /* Info.plist */ = {isa = PBXFileReference; lastKnownFileType = text.plist.xml; path = Info.plist; sourceTree = "<group>"; };
		B91D7560270DFF0900027664 /* MyMap.app */ = {isa = PBXFileReference; explicitFileType = wrapper.application; includeInIndex = 0; path = MyMap.app; sourceTree = BUILT_PRODUCTS_DIR; };
		B91D7562270DFF0900027664 /* Info.plist */ = {isa = PBXFileReference; lastKnownFileType = text.plist.xml; path = Info.plist; sourceTree = "<group>"; };
		B91D7563270DFF0900027664 /* macOS.entitlements */ = {isa = PBXFileReference; lastKnownFileType = text.plist.entitlements; path = macOS.entitlements; sourceTree = "<group>"; };
		B91D7572270E01BE00027664 /* MapView.swift */ = {isa = PBXFileReference; lastKnownFileType = sourcecode.swift; path = MapView.swift; sourceTree = "<group>"; };
/* End PBXFileReference section */

/* Begin PBXFrameworksBuildPhase section */
		B91D7555270DFF0900027664 /* Frameworks */ = {
			isa = PBXFrameworksBuildPhase;
			buildActionMask = 2147483647;
			files = (
			);
			runOnlyForDeploymentPostprocessing = 0;
		};
		B91D755D270DFF0900027664 /* Frameworks */ = {
			isa = PBXFrameworksBuildPhase;
			buildActionMask = 2147483647;
			files = (
			);
			runOnlyForDeploymentPostprocessing = 0;
		};
/* End PBXFrameworksBuildPhase section */

/* Begin PBXGroup section */
		B91D754B270DFF0700027664 = {
			isa = PBXGroup;
			children = (
				B91D7550270DFF0700027664 /* Shared */,
				B91D755A270DFF0900027664 /* iOS */,
				B91D7561270DFF0900027664 /* macOS */,
				B91D7559270DFF0900027664 /* Products */,
			);
			sourceTree = "<group>";
		};
		B91D7550270DFF0700027664 /* Shared */ = {
			isa = PBXGroup;
			children = (
				B91D7551270DFF0700027664 /* MyMapApp.swift */,
				B91D7552270DFF0700027664 /* ContentView.swift */,
				B91D7572270E01BE00027664 /* MapView.swift */,
				B91D7553270DFF0900027664 /* Assets.xcassets */,
			);
			path = Shared;
			sourceTree = "<group>";
		};
		B91D7559270DFF0900027664 /* Products */ = {
			isa = PBXGroup;
			children = (
				B91D7558270DFF0900027664 /* MyMap.app */,
				B91D7560270DFF0900027664 /* MyMap.app */,
			);
			name = Products;
			sourceTree = "<group>";
		};
		B91D755A270DFF0900027664 /* iOS */ = {
			isa = PBXGroup;
			children = (
				B91D755B270DFF0900027664 /* Info.plist */,
			);
			path = iOS;
			sourceTree = "<group>";
		};
		B91D7561270DFF0900027664 /* macOS */ = {
			isa = PBXGroup;
			children = (
				B91D7562270DFF0900027664 /* Info.plist */,
				B91D7563270DFF0900027664 /* macOS.entitlements */,
			);
			path = macOS;
			sourceTree = "<group>";
		};
/* End PBXGroup section */

/* Begin PBXNativeTarget section */
		B91D7557270DFF0900027664 /* MyMap (iOS) */ = {
			isa = PBXNativeTarget;
			buildConfigurationList = B91D756C270DFF0900027664 /* Build configuration list for PBXNativeTarget "MyMap (iOS)" */;
			buildPhases = (
				B91D7554270DFF0900027664 /* Sources */,
				B91D7555270DFF0900027664 /* Frameworks */,
				B91D7556270DFF0900027664 /* Resources */,
			);
			buildRules = (
			);
			dependencies = (
			);
			name = "MyMap (iOS)";
			productName = "MyMap (iOS)";
			productReference = B91D7558270DFF0900027664 /* MyMap.app */;
			productType = "com.apple.product-type.application";
		};
		B91D755F270DFF0900027664 /* MyMap (macOS) */ = {
			isa = PBXNativeTarget;
			buildConfigurationList = B91D756F270DFF0900027664 /* Build configuration list for PBXNativeTarget "MyMap (macOS)" */;
			buildPhases = (
				B91D755C270DFF0900027664 /* Sources */,
				B91D755D270DFF0900027664 /* Frameworks */,
				B91D755E270DFF0900027664 /* Resources */,
			);
			buildRules = (
			);
			dependencies = (
			);
			name = "MyMap (macOS)";
			productName = "MyMap (macOS)";
			productReference = B91D7560270DFF0900027664 /* MyMap.app */;
			productType = "com.apple.product-type.application";
		};
/* End PBXNativeTarget section */

/* Begin PBXProject section */
		B91D754C270DFF0700027664 /* Project object */ = {
			isa = PBXProject;
			attributes = {
				LastSwiftUpdateCheck = 1250;
				LastUpgradeCheck = 1250;
				TargetAttributes = {
					B91D7557270DFF0900027664 = {
						CreatedOnToolsVersion = 12.5.1;
					};
					B91D755F270DFF0900027664 = {
						CreatedOnToolsVersion = 12.5.1;
					};
				};
			};
			buildConfigurationList = B91D754F270DFF0700027664 /* Build configuration list for PBXProject "MyMap" */;
			compatibilityVersion = "Xcode 9.3";
			developmentRegion = en;
			hasScannedForEncodings = 0;
			knownRegions = (
				en,
				Base,
			);
			mainGroup = B91D754B270DFF0700027664;
			productRefGroup = B91D7559270DFF0900027664 /* Products */;
			projectDirPath = "";
			projectRoot = "";
			targets = (
				B91D7557270DFF0900027664 /* MyMap (iOS) */,
				B91D755F270DFF0900027664 /* MyMap (macOS) */,
			);
		};
/* End PBXProject section */

/* Begin PBXResourcesBuildPhase section */
		B91D7556270DFF0900027664 /* Resources */ = {
			isa = PBXResourcesBuildPhase;
			buildActionMask = 2147483647;
			files = (
				B91D7568270DFF0900027664 /* Assets.xcassets in Resources */,
			);
			runOnlyForDeploymentPostprocessing = 0;
		};
		B91D755E270DFF0900027664 /* Resources */ = {
			isa = PBXResourcesBuildPhase;
			buildActionMask = 2147483647;
			files = (
				B91D7569270DFF0900027664 /* Assets.xcassets in Resources */,
			);
			runOnlyForDeploymentPostprocessing = 0;
		};
/* End PBXResourcesBuildPhase section */

/* Begin PBXSourcesBuildPhase section */
		B91D7554270DFF0900027664 /* Sources */ = {
			isa = PBXSourcesBuildPhase;
			buildActionMask = 2147483647;
			files = (
				B91D7566270DFF0900027664 /* ContentView.swift in Sources */,
				B91D7573270E01BE00027664 /* MapView.swift in Sources */,
				B91D7564270DFF0900027664 /* MyMapApp.swift in Sources */,
			);
			runOnlyForDeploymentPostprocessing = 0;
		};
		B91D755C270DFF0900027664 /* Sources */ = {
			isa = PBXSourcesBuildPhase;
			buildActionMask = 2147483647;
			files = (
				B91D7567270DFF0900027664 /* ContentView.swift in Sources */,
				B91D7574270E01BE00027664 /* MapView.swift in Sources */,
				B91D7565270DFF0900027664 /* MyMapApp.swift in Sources */,
			);
			runOnlyForDeploymentPostprocessing = 0;
		};
/* End PBXSourcesBuildPhase section */

/* Begin XCBuildConfiguration section */
		B91D756A270DFF0900027664 /* Debug */ = {
			isa = XCBuildConfiguration;
			buildSettings = {
				ALWAYS_SEARCH_USER_PATHS = NO;
				CLANG_ANALYZER_NONNULL = YES;
				CLANG_ANALYZER_NUMBER_OBJECT_CONVERSION = YES_AGGRESSIVE;
				CLANG_CXX_LANGUAGE_STANDARD = "gnu++14";
				CLANG_CXX_LIBRARY = "libc++";
				CLANG_ENABLE_MODULES = YES;
				CLANG_ENABLE_OBJC_ARC = YES;
				CLANG_ENABLE_OBJC_WEAK = YES;
				CLANG_WARN_BLOCK_CAPTURE_AUTORELEASING = YES;
				CLANG_WARN_BOOL_CONVERSION = YES;
				CLANG_WARN_COMMA = YES;
				CLANG_WARN_CONSTANT_CONVERSION = YES;
				CLANG_WARN_DEPRECATED_OBJC_IMPLEMENTATIONS = YES;
				CLANG_WARN_DIRECT_OBJC_ISA_USAGE = YES_ERROR;
				CLANG_WARN_DOCUMENTATION_COMMENTS = YES;
				CLANG_WARN_EMPTY_BODY = YES;
				CLANG_WARN_ENUM_CONVERSION = YES;
				CLANG_WARN_INFINITE_RECURSION = YES;
				CLANG_WARN_INT_CONVERSION = YES;
				CLANG_WARN_NON_LITERAL_NULL_CONVERSION = YES;
				CLANG_WARN_OBJC_IMPLICIT_RETAIN_SELF = YES;
				CLANG_WARN_OBJC_LITERAL_CONVERSION = YES;
				CLANG_WARN_OBJC_ROOT_CLASS = YES_ERROR;
				CLANG_WARN_QUOTED_INCLUDE_IN_FRAMEWORK_HEADER = YES;
				CLANG_WARN_RANGE_LOOP_ANALYSIS = YES;
				CLANG_WARN_STRICT_PROTOTYPES = YES;
				CLANG_WARN_SUSPICIOUS_MOVE = YES;
				CLANG_WARN_UNGUARDED_AVAILABILITY = YES_AGGRESSIVE;
				CLANG_WARN_UNREACHABLE_CODE = YES;
				CLANG_WARN__DUPLICATE_METHOD_MATCH = YES;
				COPY_PHASE_STRIP = NO;
				DEBUG_INFORMATION_FORMAT = dwarf;
				ENABLE_STRICT_OBJC_MSGSEND = YES;
				ENABLE_TESTABILITY = YES;
				GCC_C_LANGUAGE_STANDARD = gnu11;
				GCC_DYNAMIC_NO_PIC = NO;
				GCC_NO_COMMON_BLOCKS = YES;
				GCC_OPTIMIZATION_LEVEL = 0;
				GCC_PREPROCESSOR_DEFINITIONS = (
					"DEBUG=1",
					"$(inherited)",
				);
				GCC_WARN_64_TO_32_BIT_CONVERSION = YES;
				GCC_WARN_ABOUT_RETURN_TYPE = YES_ERROR;
				GCC_WARN_UNDECLARED_SELECTOR = YES;
				GCC_WARN_UNINITIALIZED_AUTOS = YES_AGGRESSIVE;
				GCC_WARN_UNUSED_FUNCTION = YES;
				GCC_WARN_UNUSED_VARIABLE = YES;
				MTL_ENABLE_DEBUG_INFO = INCLUDE_SOURCE;
				MTL_FAST_MATH = YES;
				ONLY_ACTIVE_ARCH = YES;
				SWIFT_ACTIVE_COMPILATION_CONDITIONS = DEBUG;
				SWIFT_OPTIMIZATION_LEVEL = "-Onone";
			};
			name = Debug;
		};
		B91D756B270DFF0900027664 /* Release */ = {
			isa = XCBuildConfiguration;
			buildSettings = {
				ALWAYS_SEARCH_USER_PATHS = NO;
				CLANG_ANALYZER_NONNULL = YES;
				CLANG_ANALYZER_NUMBER_OBJECT_CONVERSION = YES_AGGRESSIVE;
				CLANG_CXX_LANGUAGE_STANDARD = "gnu++14";
				CLANG_CXX_LIBRARY = "libc++";
				CLANG_ENABLE_MODULES = YES;
				CLANG_ENABLE_OBJC_ARC = YES;
				CLANG_ENABLE_OBJC_WEAK = YES;
				CLANG_WARN_BLOCK_CAPTURE_AUTORELEASING = YES;
				CLANG_WARN_BOOL_CONVERSION = YES;
				CLANG_WARN_COMMA = YES;
				CLANG_WARN_CONSTANT_CONVERSION = YES;
				CLANG_WARN_DEPRECATED_OBJC_IMPLEMENTATIONS = YES;
				CLANG_WARN_DIRECT_OBJC_ISA_USAGE = YES_ERROR;
				CLANG_WARN_DOCUMENTATION_COMMENTS = YES;
				CLANG_WARN_EMPTY_BODY = YES;
				CLANG_WARN_ENUM_CONVERSION = YES;
				CLANG_WARN_INFINITE_RECURSION = YES;
				CLANG_WARN_INT_CONVERSION = YES;
				CLANG_WARN_NON_LITERAL_NULL_CONVERSION = YES;
				CLANG_WARN_OBJC_IMPLICIT_RETAIN_SELF = YES;
				CLANG_WARN_OBJC_LITERAL_CONVERSION = YES;
				CLANG_WARN_OBJC_ROOT_CLASS = YES_ERROR;
				CLANG_WARN_QUOTED_INCLUDE_IN_FRAMEWORK_HEADER = YES;
				CLANG_WARN_RANGE_LOOP_ANALYSIS = YES;
				CLANG_WARN_STRICT_PROTOTYPES = YES;
				CLANG_WARN_SUSPICIOUS_MOVE = YES;
				CLANG_WARN_UNGUARDED_AVAILABILITY = YES_AGGRESSIVE;
				CLANG_WARN_UNREACHABLE_CODE = YES;
				CLANG_WARN__DUPLICATE_METHOD_MATCH = YES;
				COPY_PHASE_STRIP = NO;
				DEBUG_INFORMATION_FORMAT = "dwarf-with-dsym";
				ENABLE_NS_ASSERTIONS = NO;
				ENABLE_STRICT_OBJC_MSGSEND = YES;
				GCC_C_LANGUAGE_STANDARD = gnu11;
				GCC_NO_COMMON_BLOCKS = YES;
				GCC_WARN_64_TO_32_BIT_CONVERSION = YES;
				GCC_WARN_ABOUT_RETURN_TYPE = YES_ERROR;
				GCC_WARN_UNDECLARED_SELECTOR = YES;
				GCC_WARN_UNINITIALIZED_AUTOS = YES_AGGRESSIVE;
				GCC_WARN_UNUSED_FUNCTION = YES;
				GCC_WARN_UNUSED_VARIABLE = YES;
				MTL_ENABLE_DEBUG_INFO = NO;
				MTL_FAST_MATH = YES;
				SWIFT_COMPILATION_MODE = wholemodule;
				SWIFT_OPTIMIZATION_LEVEL = "-O";
			};
			name = Release;
		};
		B91D756D270DFF0900027664 /* Debug */ = {
			isa = XCBuildConfiguration;
			buildSettings = {
				ASSETCATALOG_COMPILER_APPICON_NAME = AppIcon;
				ASSETCATALOG_COMPILER_GLOBAL_ACCENT_COLOR_NAME = AccentColor;
				CODE_SIGN_STYLE = Automatic;
				ENABLE_PREVIEWS = YES;
				INFOPLIST_FILE = iOS/Info.plist;
				IPHONEOS_DEPLOYMENT_TARGET = 14.0;
				LD_RUNPATH_SEARCH_PATHS = (
					"$(inherited)",
					"@executable_path/Frameworks",
				);
				PRODUCT_BUNDLE_IDENTIFIER = nari.fumi.icloud.MyMap;
				PRODUCT_NAME = MyMap;
				SDKROOT = iphoneos;
				SWIFT_VERSION = 5.0;
				TARGETED_DEVICE_FAMILY = "1,2";
			};
			name = Debug;
		};
		B91D756E270DFF0900027664 /* Release */ = {
			isa = XCBuildConfiguration;
			buildSettings = {
				ASSETCATALOG_COMPILER_APPICON_NAME = AppIcon;
				ASSETCATALOG_COMPILER_GLOBAL_ACCENT_COLOR_NAME = AccentColor;
				CODE_SIGN_STYLE = Automatic;
				ENABLE_PREVIEWS = YES;
				INFOPLIST_FILE = iOS/Info.plist;
				IPHONEOS_DEPLOYMENT_TARGET = 14.0;
				LD_RUNPATH_SEARCH_PATHS = (
					"$(inherited)",
					"@executable_path/Frameworks",
				);
				PRODUCT_BUNDLE_IDENTIFIER = nari.fumi.icloud.MyMap;
				PRODUCT_NAME = MyMap;
				SDKROOT = iphoneos;
				SWIFT_VERSION = 5.0;
				TARGETED_DEVICE_FAMILY = "1,2";
				VALIDATE_PRODUCT = YES;
			};
			name = Release;
		};
		B91D7570270DFF0900027664 /* Debug */ = {
			isa = XCBuildConfiguration;
			buildSettings = {
				ASSETCATALOG_COMPILER_APPICON_NAME = AppIcon;
				ASSETCATALOG_COMPILER_GLOBAL_ACCENT_COLOR_NAME = AccentColor;
				CODE_SIGN_ENTITLEMENTS = macOS/macOS.entitlements;
				CODE_SIGN_STYLE = Automatic;
				COMBINE_HIDPI_IMAGES = YES;
				ENABLE_PREVIEWS = YES;
				INFOPLIST_FILE = macOS/Info.plist;
				LD_RUNPATH_SEARCH_PATHS = (
					"$(inherited)",
					"@executable_path/../Frameworks",
				);
				MACOSX_DEPLOYMENT_TARGET = 11.0;
				PRODUCT_BUNDLE_IDENTIFIER = nari.fumi.icloud.MyMap;
				PRODUCT_NAME = MyMap;
				SDKROOT = macosx;
				SWIFT_VERSION = 5.0;
			};
			name = Debug;
		};
		B91D7571270DFF0900027664 /* Release */ = {
			isa = XCBuildConfiguration;
			buildSettings = {
				ASSETCATALOG_COMPILER_APPICON_NAME = AppIcon;
				ASSETCATALOG_COMPILER_GLOBAL_ACCENT_COLOR_NAME = AccentColor;
				CODE_SIGN_ENTITLEMENTS = macOS/macOS.entitlements;
				CODE_SIGN_STYLE = Automatic;
				COMBINE_HIDPI_IMAGES = YES;
				ENABLE_PREVIEWS = YES;
				INFOPLIST_FILE = macOS/Info.plist;
				LD_RUNPATH_SEARCH_PATHS = (
					"$(inherited)",
					"@executable_path/../Frameworks",
				);
				MACOSX_DEPLOYMENT_TARGET = 11.0;
				PRODUCT_BUNDLE_IDENTIFIER = nari.fumi.icloud.MyMap;
				PRODUCT_NAME = MyMap;
				SDKROOT = macosx;
				SWIFT_VERSION = 5.0;
			};
			name = Release;
		};
/* End XCBuildConfiguration section */

/* Begin XCConfigurationList section */
		B91D754F270DFF0700027664 /* Build configuration list for PBXProject "MyMap" */ = {
			isa = XCConfigurationList;
			buildConfigurations = (
				B91D756A270DFF0900027664 /* Debug */,
				B91D756B270DFF0900027664 /* Release */,
			);
			defaultConfigurationIsVisible = 0;
			defaultConfigurationName = Release;
		};
		B91D756C270DFF0900027664 /* Build configuration list for PBXNativeTarget "MyMap (iOS)" */ = {
			isa = XCConfigurationList;
			buildConfigurations = (
				B91D756D270DFF0900027664 /* Debug */,
				B91D756E270DFF0900027664 /* Release */,
			);
			defaultConfigurationIsVisible = 0;
			defaultConfigurationName = Release;
		};
		B91D756F270DFF0900027664 /* Build configuration list for PBXNativeTarget "MyMap (macOS)" */ = {
			isa = XCConfigurationList;
			buildConfigurations = (
				B91D7570270DFF0900027664 /* Debug */,
				B91D7571270DFF0900027664 /* Release */,
			);
			defaultConfigurationIsVisible = 0;
			defaultConfigurationName = Release;
		};
/* End XCConfigurationList section */
	};
	rootObject = B91D754C270DFF0700027664 /* Project object */;
}
